
Microsoft Visual Studio Solution File, Format Version 12.00
# Visual Studio 15
VisualStudioVersion = 15.0.27703.2042
MinimumVisualStudioVersion = 10.0.40219.1
Project("{FAE04EC0-301F-11D3-BF4B-00C04F79EFBC}") = "ePortfolio", "ePortfolio\ePortfolio.csproj", "{6435645A-C0BE-40CC-951A-D55CA28DCF15}"
EndProject
Global
	GlobalSection(SolutionConfigurationPlatforms) = preSolution
		Debug|Any CPU = Debug|Any CPU
		Release|Any CPU = Release|Any CPU
	EndGlobalSection
	GlobalSection(ProjectConfigurationPlatforms) = postSolution
		{6435645A-C0BE-40CC-951A-D55CA28DCF15}.Debug|Any CPU.ActiveCfg = Debug|Any CPU
		{6435645A-C0BE-40CC-951A-D55CA28DCF15}.Debug|Any CPU.Build.0 = Debug|Any CPU
		{6435645A-C0BE-40CC-951A-D55CA28DCF15}.Release|Any CPU.ActiveCfg = Release|Any CPU
		{6435645A-C0BE-40CC-951A-D55CA28DCF15}.Release|Any CPU.Build.0 = Release|Any CPU
	EndGlobalSection
	GlobalSection(SolutionProperties) = preSolution
		HideSolutionNode = FALSE
	EndGlobalSection
	GlobalSection(ExtensibilityGlobals) = postSolution
		SolutionGuid = {0DE7D441-18C8-4510-9CE0-C6109F1BF52F}
	EndGlobalSection
EndGlobal
